
Microsoft Visual Studio Solution File, Format Version 11.00
# Visual Studio 2010
Project("{FAE04EC0-301F-11D3-BF4B-00C04F79EFBC}") = "GirlfriendDosier", "GirlfriendDosier\GirlfriendDosier.csproj", "{29F40270-CEFE-4880-B836-706DCDC974A9}"
EndProject
Project("{FAE04EC0-301F-11D3-BF4B-00C04F79EFBC}") = "Data", "Data\Data.csproj", "{5EA59359-D44C-4761-8095-824B4E17A324}"
EndProject
Project("{FAE04EC0-301F-11D3-BF4B-00C04F79EFBC}") = "Core", "Core\Core.csproj", "{BBE6114C-F066-4B87-B418-FA2C05C91D77}"
EndProject
Project("{FAE04EC0-301F-11D3-BF4B-00C04F79EFBC}") = "EData", "EData\EData.csproj", "{F09C45B9-3459-4ACD-A9DA-E042B9C9E7CE}"
EndProject
Project("{FAE04EC0-301F-11D3-BF4B-00C04F79EFBC}") = "EData.Test", "EData.Test\EData.Test.csproj", "{07982805-25CD-43EA-A891-6487D592EB02}"
EndProject
Global
	GlobalSection(SolutionConfigurationPlatforms) = preSolution
		Debug|Any CPU = Debug|Any CPU
		Release|Any CPU = Release|Any CPU
	EndGlobalSection
	GlobalSection(ProjectConfigurationPlatforms) = postSolution
		{29F40270-CEFE-4880-B836-706DCDC974A9}.Debug|Any CPU.ActiveCfg = Debug|Any CPU
		{29F40270-CEFE-4880-B836-706DCDC974A9}.Debug|Any CPU.Build.0 = Debug|Any CPU
		{29F40270-CEFE-4880-B836-706DCDC974A9}.Release|Any CPU.ActiveCfg = Release|Any CPU
		{29F40270-CEFE-4880-B836-706DCDC974A9}.Release|Any CPU.Build.0 = Release|Any CPU
		{5EA59359-D44C-4761-8095-824B4E17A324}.Debug|Any CPU.ActiveCfg = Debug|Any CPU
		{5EA59359-D44C-4761-8095-824B4E17A324}.Debug|Any CPU.Build.0 = Debug|Any CPU
		{5EA59359-D44C-4761-8095-824B4E17A324}.Release|Any CPU.ActiveCfg = Release|Any CPU
		{5EA59359-D44C-4761-8095-824B4E17A324}.Release|Any CPU.Build.0 = Release|Any CPU
		{BBE6114C-F066-4B87-B418-FA2C05C91D77}.Debug|Any CPU.ActiveCfg = Debug|Any CPU
		{BBE6114C-F066-4B87-B418-FA2C05C91D77}.Debug|Any CPU.Build.0 = Debug|Any CPU
		{BBE6114C-F066-4B87-B418-FA2C05C91D77}.Release|Any CPU.ActiveCfg = Release|Any CPU
		{BBE6114C-F066-4B87-B418-FA2C05C91D77}.Release|Any CPU.Build.0 = Release|Any CPU
		{F09C45B9-3459-4ACD-A9DA-E042B9C9E7CE}.Debug|Any CPU.ActiveCfg = Debug|Any CPU
		{F09C45B9-3459-4ACD-A9DA-E042B9C9E7CE}.Debug|Any CPU.Build.0 = Debug|Any CPU
		{F09C45B9-3459-4ACD-A9DA-E042B9C9E7CE}.Release|Any CPU.ActiveCfg = Release|Any CPU
		{F09C45B9-3459-4ACD-A9DA-E042B9C9E7CE}.Release|Any CPU.Build.0 = Release|Any CPU
		{07982805-25CD-43EA-A891-6487D592EB02}.Debug|Any CPU.ActiveCfg = Debug|Any CPU
		{07982805-25CD-43EA-A891-6487D592EB02}.Debug|Any CPU.Build.0 = Debug|Any CPU
		{07982805-25CD-43EA-A891-6487D592EB02}.Release|Any CPU.ActiveCfg = Release|Any CPU
		{07982805-25CD-43EA-A891-6487D592EB02}.Release|Any CPU.Build.0 = Release|Any CPU
	EndGlobalSection
	GlobalSection(SolutionProperties) = preSolution
		HideSolutionNode = FALSE
	EndGlobalSection
EndGlobal
